{
  "version": 4,
  "terraform_version": "1.9.8",
  "serial": 379,
  "lineage": "c81e58f0-eba4-1b90-6a50-a345b44c9a3f",
  "outputs": {},
  "resources": [
    {
      "mode": "managed",
      "type": "kubernetes_manifest",
      "name": "ingress",
      "provider": "provider[\"registry.terraform.io/hashicorp/kubernetes\"]",
      "instances": [
        {
          "schema_version": 1,
          "attributes": {
            "computed_fields": null,
            "field_manager": [],
            "manifest": {
              "value": {
                "apiVersion": "networking.k8s.io/v1",
                "kind": "Ingress",
                "metadata": {
                  "annotations": {
                    "alb.ingress.kubernetes.io/certificate-arn": "arn:aws:acm:us-east-1:307946635677:certificate/a4da4a16-f50d-41de-9a00-cdf12666a441",
                    "alb.ingress.kubernetes.io/scheme": "internet-facing",
                    "alb.ingress.kubernetes.io/target-type": "ip",
                    "kubernetes.io/ingress.class": "alb"
                  },
                  "name": "my-ingress",
                  "namespace": "kube-system"
                },
                "spec": {
                  "rules": [
                    {
                      "http": {
                        "paths": [
                          {
                            "backend": {
                              "service": {
                                "name": "my-service",
                                "port": {
                                  "number": 5000
                                }
                              }
                            },
                            "path": "/",
                            "pathType": "Prefix"
                          }
                        ]
                      }
                    }
                  ]
                }
              },
              "type": [
                "object",
                {
                  "apiVersion": "string",
                  "kind": "string",
                  "metadata": [
                    "object",
                    {
                      "annotations": [
                        "object",
                        {
                          "alb.ingress.kubernetes.io/certificate-arn": "string",
                          "alb.ingress.kubernetes.io/scheme": "string",
                          "alb.ingress.kubernetes.io/target-type": "string",
                          "kubernetes.io/ingress.class": "string"
                        }
                      ],
                      "name": "string",
                      "namespace": "string"
                    }
                  ],
                  "spec": [
                    "object",
                    {
                      "rules": [
                        "tuple",
                        [
                          [
                            "object",
                            {
                              "http": [
                                "object",
                                {
                                  "paths": [
                                    "tuple",
                                    [
                                      [
                                        "object",
                                        {
                                          "backend": [
                                            "object",
                                            {
                                              "service": [
                                                "object",
                                                {
                                                  "name": "string",
                                                  "port": [
                                                    "object",
                                                    {
                                                      "number": "number"
                                                    }
                                                  ]
                                                }
                                              ]
                                            }
                                          ],
                                          "path": "string",
                                          "pathType": "string"
                                        }
                                      ]
                                    ]
                                  ]
                                }
                              ]
                            }
                          ]
                        ]
                      ]
                    }
                  ]
                }
              ]
            },
            "object": {
              "value": {
                "apiVersion": "networking.k8s.io/v1",
                "kind": "Ingress",
                "metadata": {
                  "annotations": {
                    "alb.ingress.kubernetes.io/scheme": "internet-facing",
                    "alb.ingress.kubernetes.io/target-type": "ip",
                    "kubectl.kubernetes.io/last-applied-configuration": "{\"apiVersion\":\"networking.k8s.io/v1\",\"kind\":\"Ingress\",\"metadata\":{\"annotations\":{\"alb.ingress.kubernetes.io/scheme\":\"internet-facing\",\"alb.ingress.kubernetes.io/target-type\":\"ip\",\"kubernetes.io/ingress.class\":\"alb\"},\"name\":\"my-ingress\",\"namespace\":\"kube-system\"},\"spec\":{\"rules\":[{\"http\":{\"paths\":[{\"backend\":{\"service\":{\"name\":\"my-service\",\"port\":{\"number\":5000}}},\"path\":\"/\",\"pathType\":\"Prefix\"}]}}]}}\n",
                    "kubernetes.io/ingress.class": "alb"
                  },
                  "creationTimestamp": null,
                  "deletionGracePeriodSeconds": 0,
                  "deletionTimestamp": "2024-12-03T19:38:12Z",
                  "finalizers": [
                    "ingress.k8s.aws/resources"
                  ],
                  "generateName": null,
                  "generation": null,
                  "labels": null,
                  "managedFields": null,
                  "name": "my-ingress",
                  "namespace": "kube-system",
                  "ownerReferences": null,
                  "resourceVersion": null,
                  "selfLink": null,
                  "uid": null
                },
                "spec": {
                  "defaultBackend": {
                    "resource": {
                      "apiGroup": null,
                      "kind": null,
                      "name": null
                    },
                    "service": {
                      "name": null,
                      "port": {
                        "name": null,
                        "number": null
                      }
                    }
                  },
                  "ingressClassName": null,
                  "rules": [
                    {
                      "host": null,
                      "http": {
                        "paths": [
                          {
                            "backend": {
                              "resource": {
                                "apiGroup": null,
                                "kind": null,
                                "name": null
                              },
                              "service": {
                                "name": "my-service",
                                "port": {
                                  "name": null,
                                  "number": 5000
                                }
                              }
                            },
                            "path": "/",
                            "pathType": "Prefix"
                          }
                        ]
                      }
                    }
                  ],
                  "tls": null
                }
              },
              "type": [
                "object",
                {
                  "apiVersion": "string",
                  "kind": "string",
                  "metadata": [
                    "object",
                    {
                      "annotations": [
                        "map",
                        "string"
                      ],
                      "creationTimestamp": "string",
                      "deletionGracePeriodSeconds": "number",
                      "deletionTimestamp": "string",
                      "finalizers": [
                        "list",
                        "string"
                      ],
                      "generateName": "string",
                      "generation": "number",
                      "labels": [
                        "map",
                        "string"
                      ],
                      "managedFields": [
                        "tuple",
                        [
                          [
                            "object",
                            {
                              "apiVersion": "string",
                              "fieldsType": "string",
                              "fieldsV1": "dynamic",
                              "manager": "string",
                              "operation": "string",
                              "subresource": "string",
                              "time": "string"
                            }
                          ]
                        ]
                      ],
                      "name": "string",
                      "namespace": "string",
                      "ownerReferences": [
                        "list",
                        [
                          "object",
                          {
                            "apiVersion": "string",
                            "blockOwnerDeletion": "bool",
                            "controller": "bool",
                            "kind": "string",
                            "name": "string",
                            "uid": "string"
                          }
                        ]
                      ],
                      "resourceVersion": "string",
                      "selfLink": "string",
                      "uid": "string"
                    }
                  ],
                  "spec": [
                    "object",
                    {
                      "defaultBackend": [
                        "object",
                        {
                          "resource": [
                            "object",
                            {
                              "apiGroup": "string",
                              "kind": "string",
                              "name": "string"
                            }
                          ],
                          "service": [
                            "object",
                            {
                              "name": "string",
                              "port": [
                                "object",
                                {
                                  "name": "string",
                                  "number": "number"
                                }
                              ]
                            }
                          ]
                        }
                      ],
                      "ingressClassName": "string",
                      "rules": [
                        "list",
                        [
                          "object",
                          {
                            "host": "string",
                            "http": [
                              "object",
                              {
                                "paths": [
                                  "list",
                                  [
                                    "object",
                                    {
                                      "backend": [
                                        "object",
                                        {
                                          "resource": [
                                            "object",
                                            {
                                              "apiGroup": "string",
                                              "kind": "string",
                                              "name": "string"
                                            }
                                          ],
                                          "service": [
                                            "object",
                                            {
                                              "name": "string",
                                              "port": [
                                                "object",
                                                {
                                                  "name": "string",
                                                  "number": "number"
                                                }
                                              ]
                                            }
                                          ]
                                        }
                                      ],
                                      "path": "string",
                                      "pathType": "string"
                                    }
                                  ]
                                ]
                              }
                            ]
                          }
                        ]
                      ],
                      "tls": [
                        "list",
                        [
                          "object",
                          {
                            "hosts": [
                              "list",
                              "string"
                            ],
                            "secretName": "string"
                          }
                        ]
                      ]
                    }
                  ]
                }
              ]
            },
            "timeouts": [],
            "wait": [],
            "wait_for": null
          },
          "sensitive_attributes": [],
          "dependencies": [
            "module.cluster-eks.aws_eks_cluster.darede-cluster",
            "module.cluster-eks.aws_iam_policy.alb_controller_policy",
            "module.cluster-eks.aws_security_group.sec-eks",
            "module.cluster-eks.data.aws_eks_cluster_auth.darede-cluster",
            "module.helm.helm_release.aws_load_balancer_controller",
            "module.vpc.aws_subnet.public_subnets",
            "module.vpc.aws_vpc.darede_vpc"
          ]
        }
      ]
    },
    {
      "module": "module.cluster-eks",
      "mode": "data",
      "type": "aws_eks_cluster_auth",
      "name": "darede-cluster",
      "provider": "provider[\"registry.terraform.io/hashicorp/aws\"]",
      "instances": [
        {
          "schema_version": 0,
          "attributes": {
            "id": "eks-darede-edu",
            "name": "eks-darede-edu",
            "token": "k8s-aws-v1.aHR0cHM6Ly9zdHMudXMtZWFzdC0xLmFtYXpvbmF3cy5jb20vP0FjdGlvbj1HZXRDYWxsZXJJZGVudGl0eSZWZXJzaW9uPTIwMTEtMDYtMTUmWC1BbXotQWxnb3JpdGhtPUFXUzQtSE1BQy1TSEEyNTYmWC1BbXotQ3JlZGVudGlhbD1BS0lBVVBNWU1ZR08zWlNRSVNXRyUyRjIwMjQxMjAzJTJGdXMtZWFzdC0xJTJGc3RzJTJGYXdzNF9yZXF1ZXN0JlgtQW16LURhdGU9MjAyNDEyMDNUMjAxNTU5WiZYLUFtei1FeHBpcmVzPTAmWC1BbXotU2lnbmVkSGVhZGVycz1ob3N0JTNCeC1rOHMtYXdzLWlkJlgtQW16LVNpZ25hdHVyZT0xODJlZWZmMjljZTk3NTYxZjc5MmQ1YmY1Y2Q2NzI3ZmEzODYzNTY4Njg4ODA3NjFkNzFhYjczZDQ1YWVhY2Fi"
          },
          "sensitive_attributes": [
            [
              {
                "type": "get_attr",
                "value": "token"
              }
            ]
          ]
        }
      ]
    },
    {
      "module": "module.cluster-eks",
      "mode": "managed",
      "type": "aws_eks_cluster",
      "name": "darede-cluster",
      "provider": "provider[\"registry.terraform.io/hashicorp/aws\"]",
      "instances": [
        {
          "schema_version": 1,
          "attributes": {
            "access_config": [
              {
                "authentication_mode": "CONFIG_MAP",
                "bootstrap_cluster_creator_admin_permissions": true
              }
            ],
            "arn": "arn:aws:eks:us-east-1:307946635677:cluster/eks-darede-edu",
            "bootstrap_self_managed_addons": true,
            "certificate_authority": [
              {
                "data": "LS0tLS1CRUdJTiBDRVJUSUZJQ0FURS0tLS0tCk1JSURCVENDQWUyZ0F3SUJBZ0lJSkVZUGFib1Zzb0l3RFFZSktvWklodmNOQVFFTEJRQXdGVEVUTUJFR0ExVUUKQXhNS2EzVmlaWEp1WlhSbGN6QWVGdzB5TkRFeU1ETXhPREUyTURCYUZ3MHpOREV5TURFeE9ESXhNREJhTUJVeApFekFSQmdOVkJBTVRDbXQxWW1WeWJtVjBaWE13Z2dFaU1BMEdDU3FHU0liM0RRRUJBUVVBQTRJQkR3QXdnZ0VLCkFvSUJBUUR0VStEVmRLK3J2Y0RzU2kzUkZ5Rys1NWM5RFNWSkNobkxuZzBEaTF3SlBmM3RCbWdMYUc4aERyZTMKaEM4MHphS2xWQmdwQUVyMHBLS0lyOHFzcWRTRndVSW56TktiZHZMNEc0SUhUWjQyS1BjUnVnamM5V0kvSmJ2NgpPenlETXR6RkYwZFRqbDREdnJRdGlRVXBqaFhZZ1hidHNDbkJjQkdBdEV3bnZWNWcxK1VaOVQ3L0dxL1k2VXo5CkFUbCtSbFcxNmE0eHZLWDE2SlNqaXBVNFlRV1NWay9HSmtuNFJDdjVOQy9sNlEzRnNtRG1XejVSUEZyckI5M2gKWDllWTFzaWNuMm0vVEZ3YWRnci8xemtHd0pCVUVzb0NrR0VXWjlJWVh0Z0dGWHA4Q2srNEhQbG53b1R5QXpFUApWRUc5TmNvTTZSeXc0M3VOczI1WHVXSUxWSWdkQWdNQkFBR2pXVEJYTUE0R0ExVWREd0VCL3dRRUF3SUNwREFQCkJnTlZIUk1CQWY4RUJUQURBUUgvTUIwR0ExVWREZ1FXQkJUK0NMeXB5ZVg1M0tWSWZLNzhIalQ3SWhCd0h6QVYKQmdOVkhSRUVEakFNZ2dwcmRXSmxjbTVsZEdWek1BMEdDU3FHU0liM0RRRUJDd1VBQTRJQkFRQkt5cWJ0d0lvbQpmMGdxNFFyZjdYZEoxVmsyUGhKSGM0ZkF3aFY4eEVSK0Ewd2hHZlE1ZTFMWXJGT3AzRXplNHZXaGdWcG10VnRPCjE0TmlPNSt1NnZwcFJ1SjlXOWFtZVlnZjU5YUhqdmFFazZoblc0TmxRU0tQU0I0ZzJMR21Nd1J4dlZaMzR1WVkKMGpTZW1HekpQQktBeFlMUDdRSzVMSGI1QjVYNUNNZTEzNkh1OU1rZjVYdnMvcWY2NURNcjlFdnhhUlFyVHNvWAptTU5UTEdRcUN4MTFQU2ZSYkk2cGRLd3lKZ2V4cmF3aEdsenZrZHUzTTZuVTNNc2R5SGVRRmJvc1NNZTVGS1NCCkNJVHpNNFNLeUNOcDIvMW5vYTEveWoxNXA1WG9tTkwyUWFjbzhMd0FzdjNxTGFRdlFzMU1ZdGFnMmVxVVpTeGQKQjBOcFVpKzJvd2JPCi0tLS0tRU5EIENFUlRJRklDQVRFLS0tLS0K"
              }
            ],
            "cluster_id": null,
            "created_at": "2024-12-03T18:16:22Z",
            "enabled_cluster_log_types": [],
            "encryption_config": [],
            "endpoint": "https://2E7BFFF1E13A11349C50F6A9767AA906.gr7.us-east-1.eks.amazonaws.com",
            "id": "eks-darede-edu",
            "identity": [
              {
                "oidc": [
                  {
                    "issuer": "https://oidc.eks.us-east-1.amazonaws.com/id/2E7BFFF1E13A11349C50F6A9767AA906"
                  }
                ]
              }
            ],
            "kubernetes_network_config": [
              {
                "ip_family": "ipv4",
                "service_ipv4_cidr": "10.100.0.0/16",
                "service_ipv6_cidr": ""
              }
            ],
            "name": "eks-darede-edu",
            "outpost_config": [],
            "platform_version": "eks.12",
            "role_arn": "arn:aws:iam::307946635677:role/ekscluster",
            "status": "ACTIVE",
            "tags": {},
            "tags_all": {},
            "timeouts": null,
            "upgrade_policy": [
              {
                "support_type": "STANDARD"
              }
            ],
            "version": "1.31",
            "vpc_config": [
              {
                "cluster_security_group_id": "sg-04cc7ee91482e97d3",
                "endpoint_private_access": false,
                "endpoint_public_access": true,
                "public_access_cidrs": [
                  "0.0.0.0/0"
                ],
                "security_group_ids": [
                  "sg-071ac594c832e7e33"
                ],
                "subnet_ids": [
                  "subnet-0001050b54456f8ec",
                  "subnet-0a2dade3cb8f2db5e"
                ],
                "vpc_id": "vpc-0b48aaac58dde68af"
              }
            ],
            "zonal_shift_config": []
          },
          "sensitive_attributes": [],
          "private": "eyJlMmJmYjczMC1lY2FhLTExZTYtOGY4OC0zNDM2M2JjN2M0YzAiOnsiY3JlYXRlIjoxODAwMDAwMDAwMDAwLCJkZWxldGUiOjkwMDAwMDAwMDAwMCwidXBkYXRlIjozNjAwMDAwMDAwMDAwfSwic2NoZW1hX3ZlcnNpb24iOiIxIn0=",
          "dependencies": [
            "module.cluster-eks.aws_security_group.sec-eks",
            "module.vpc.aws_subnet.public_subnets",
            "module.vpc.aws_vpc.darede_vpc"
          ]
        }
      ]
    },
    {
      "module": "module.cluster-eks",
      "mode": "managed",
      "type": "aws_eks_node_group",
      "name": "eks-node-group",
      "provider": "provider[\"registry.terraform.io/hashicorp/aws\"]",
      "instances": [
        {
          "schema_version": 0,
          "attributes": {
            "ami_type": "AL2023_x86_64_STANDARD",
            "arn": "arn:aws:eks:us-east-1:307946635677:nodegroup/eks-darede-edu/nodes-darede-edu/f8c9c6e2-2263-a881-9d6c-93b9b6a6c672",
            "capacity_type": "ON_DEMAND",
            "cluster_name": "eks-darede-edu",
            "disk_size": 20,
            "force_update_version": null,
            "id": "eks-darede-edu:nodes-darede-edu",
            "instance_types": [
              "t3.medium"
            ],
            "labels": {},
            "launch_template": [],
            "node_group_name": "nodes-darede-edu",
            "node_group_name_prefix": "",
            "node_role_arn": "arn:aws:iam::307946635677:role/ekksnode",
            "release_version": "1.31.2-20241121",
            "remote_access": [],
            "resources": [
              {
                "autoscaling_groups": [
                  {
                    "name": "eks-nodes-darede-edu-f8c9c6e2-2263-a881-9d6c-93b9b6a6c672"
                  }
                ],
                "remote_access_security_group_id": ""
              }
            ],
            "scaling_config": [
              {
                "desired_size": 1,
                "max_size": 2,
                "min_size": 1
              }
            ],
            "status": "ACTIVE",
            "subnet_ids": [
              "subnet-0001050b54456f8ec",
              "subnet-0a2dade3cb8f2db5e"
            ],
            "tags": {},
            "tags_all": {},
            "taint": [],
            "timeouts": null,
            "update_config": [
              {
                "max_unavailable": 1,
                "max_unavailable_percentage": 0
              }
            ],
            "version": "1.31"
          },
          "sensitive_attributes": [],
          "private": "eyJlMmJmYjczMC1lY2FhLTExZTYtOGY4OC0zNDM2M2JjN2M0YzAiOnsiY3JlYXRlIjozNjAwMDAwMDAwMDAwLCJkZWxldGUiOjM2MDAwMDAwMDAwMDAsInVwZGF0ZSI6MzYwMDAwMDAwMDAwMH19",
          "dependencies": [
            "module.cluster-eks.aws_eks_cluster.darede-cluster",
            "module.cluster-eks.aws_security_group.sec-eks",
            "module.vpc.aws_subnet.public_subnets",
            "module.vpc.aws_vpc.darede_vpc"
          ]
        }
      ]
    },
    {
      "module": "module.cluster-eks",
      "mode": "managed",
      "type": "aws_iam_policy",
      "name": "alb_controller_policy",
      "provider": "provider[\"registry.terraform.io/hashicorp/aws\"]",
      "instances": [
        {
          "schema_version": 0,
          "attributes": {
            "arn": "arn:aws:iam::307946635677:policy/alb-controller-policy",
            "attachment_count": 1,
            "description": "",
            "id": "arn:aws:iam::307946635677:policy/alb-controller-policy",
            "name": "alb-controller-policy",
            "name_prefix": "",
            "path": "/",
            "policy": "{\"Statement\":[{\"Action\":[\"ec2:Describe*\",\"elasticloadbalancing:*\",\"iam:CreateServiceLinkedRole\",\"tag:GetResources\",\"tag:TagResources\",\"waf-regional:GetWebACLForResource\",\"waf-regional:AssociateWebACL\",\"waf-regional:DisassociateWebACL\"],\"Effect\":\"Allow\",\"Resource\":\"*\"}],\"Version\":\"2012-10-17\"}",
            "policy_id": "ANPAUPMYMYGO33NJ2ZMGT",
            "tags": {},
            "tags_all": {}
          },
          "sensitive_attributes": [],
          "private": "bnVsbA=="
        }
      ]
    },
    {
      "module": "module.cluster-eks",
      "mode": "managed",
      "type": "aws_security_group",
      "name": "sec-eks",
      "provider": "provider[\"registry.terraform.io/hashicorp/aws\"]",
      "instances": [
        {
          "schema_version": 1,
          "attributes": {
            "arn": "arn:aws:ec2:us-east-1:307946635677:security-group/sg-071ac594c832e7e33",
            "description": "Managed by Terraform",
            "egress": [],
            "id": "sg-071ac594c832e7e33",
            "ingress": [
              {
                "cidr_blocks": [
                  "0.0.0.0/0"
                ],
                "description": "",
                "from_port": 5000,
                "ipv6_cidr_blocks": [],
                "prefix_list_ids": [],
                "protocol": "tcp",
                "security_groups": [],
                "self": false,
                "to_port": 5000
              }
            ],
            "name": "eks-darede-edu-sg-edu",
            "name_prefix": "",
            "owner_id": "307946635677",
            "revoke_rules_on_delete": false,
            "tags": {},
            "tags_all": {},
            "timeouts": null,
            "vpc_id": "vpc-0b48aaac58dde68af"
          },
          "sensitive_attributes": [],
          "private": "eyJlMmJmYjczMC1lY2FhLTExZTYtOGY4OC0zNDM2M2JjN2M0YzAiOnsiY3JlYXRlIjo2MDAwMDAwMDAwMDAsImRlbGV0ZSI6OTAwMDAwMDAwMDAwfSwic2NoZW1hX3ZlcnNpb24iOiIxIn0=",
          "dependencies": [
            "module.vpc.aws_vpc.darede_vpc"
          ]
        }
      ]
    },
    {
      "module": "module.helm",
      "mode": "managed",
      "type": "helm_release",
      "name": "aws_load_balancer_controller",
      "provider": "provider[\"registry.terraform.io/hashicorp/helm\"]",
      "instances": [
        {
          "schema_version": 1,
          "attributes": {
            "atomic": false,
            "chart": "aws-load-balancer-controller",
            "cleanup_on_fail": false,
            "create_namespace": false,
            "dependency_update": false,
            "description": null,
            "devel": null,
            "disable_crd_hooks": false,
            "disable_openapi_validation": false,
            "disable_webhooks": false,
            "force_update": false,
            "id": "aws-load-balancer-controller-edu",
            "keyring": null,
            "lint": false,
            "manifest": null,
            "max_history": 0,
            "metadata": [
              {
                "app_version": "v2.4.3",
                "chart": "aws-load-balancer-controller",
                "first_deployed": 1733251269,
                "last_deployed": 1733251269,
                "name": "aws-load-balancer-controller-edu",
                "namespace": "kube-system",
                "notes": "AWS Load Balancer controller installed!\n",
                "revision": 1,
                "values": "{\"clusterName\":\"eks-darede-edu\",\"region\":\"us-east-1\",\"replicaCount\":1,\"serviceAccount\":{\"annotations\":{\"eks.amazonaws.com/role-arn\":\"arn:aws:iam::307946635677:policy/alb-controller-policy\"},\"create\":true,\"name\":\"aws-load-balancer-controller\"},\"vpcId\":\"vpc-0b48aaac58dde68af\"}",
                "version": "1.4.4"
              }
            ],
            "name": "aws-load-balancer-controller-edu",
            "namespace": "kube-system",
            "pass_credentials": false,
            "postrender": [],
            "recreate_pods": false,
            "render_subchart_notes": true,
            "replace": false,
            "repository": "https://aws.github.io/eks-charts",
            "repository_ca_file": null,
            "repository_cert_file": null,
            "repository_key_file": null,
            "repository_password": null,
            "repository_username": null,
            "reset_values": false,
            "reuse_values": false,
            "set": [
              {
                "name": "clusterName",
                "type": "",
                "value": "eks-darede-edu"
              },
              {
                "name": "region",
                "type": "",
                "value": "us-east-1"
              },
              {
                "name": "replicaCount",
                "type": "",
                "value": "1"
              },
              {
                "name": "serviceAccount.annotations.eks\\.amazonaws\\.com/role-arn",
                "type": "",
                "value": "arn:aws:iam::307946635677:policy/alb-controller-policy"
              },
              {
                "name": "serviceAccount.create",
                "type": "",
                "value": "true"
              },
              {
                "name": "serviceAccount.name",
                "type": "",
                "value": "aws-load-balancer-controller"
              },
              {
                "name": "vpcId",
                "type": "",
                "value": "vpc-0b48aaac58dde68af"
              }
            ],
            "set_list": [],
            "set_sensitive": [],
            "skip_crds": false,
            "status": "deployed",
            "timeout": 300,
            "upgrade_install": null,
            "values": null,
            "verify": false,
            "version": "1.4.4",
            "wait": true,
            "wait_for_jobs": false
          },
          "sensitive_attributes": [
            [
              {
                "type": "get_attr",
                "value": "repository_password"
              }
            ]
          ],
          "private": "eyJzY2hlbWFfdmVyc2lvbiI6IjEifQ==",
          "dependencies": [
            "module.cluster-eks.aws_eks_cluster.darede-cluster",
            "module.cluster-eks.aws_iam_policy.alb_controller_policy",
            "module.cluster-eks.aws_security_group.sec-eks",
            "module.vpc.aws_subnet.public_subnets",
            "module.vpc.aws_vpc.darede_vpc"
          ]
        }
      ]
    },
    {
      "module": "module.vpc",
      "mode": "managed",
      "type": "aws_internet_gateway",
      "name": "darede_igw",
      "provider": "provider[\"registry.terraform.io/hashicorp/aws\"]",
      "instances": [
        {
          "schema_version": 0,
          "attributes": {
            "arn": "arn:aws:ec2:us-east-1:307946635677:internet-gateway/igw-00126ff9423658046",
            "id": "igw-00126ff9423658046",
            "owner_id": "307946635677",
            "tags": {
              "Name": "darede-igw-edu"
            },
            "tags_all": {
              "Name": "darede-igw-edu"
            },
            "timeouts": null,
            "vpc_id": "vpc-0b48aaac58dde68af"
          },
          "sensitive_attributes": [],
          "private": "eyJlMmJmYjczMC1lY2FhLTExZTYtOGY4OC0zNDM2M2JjN2M0YzAiOnsiY3JlYXRlIjoxMjAwMDAwMDAwMDAwLCJkZWxldGUiOjEyMDAwMDAwMDAwMDAsInVwZGF0ZSI6MTIwMDAwMDAwMDAwMH19",
          "dependencies": [
            "module.vpc.aws_vpc.darede_vpc"
          ]
        }
      ]
    },
    {
      "module": "module.vpc",
      "mode": "managed",
      "type": "aws_route_table",
      "name": "public_route_table",
      "provider": "provider[\"registry.terraform.io/hashicorp/aws\"]",
      "instances": [
        {
          "schema_version": 0,
          "attributes": {
            "arn": "arn:aws:ec2:us-east-1:307946635677:route-table/rtb-057238832efc06347",
            "id": "rtb-057238832efc06347",
            "owner_id": "307946635677",
            "propagating_vgws": [],
            "route": [
              {
                "carrier_gateway_id": "",
                "cidr_block": "0.0.0.0/0",
                "core_network_arn": "",
                "destination_prefix_list_id": "",
                "egress_only_gateway_id": "",
                "gateway_id": "igw-00126ff9423658046",
                "ipv6_cidr_block": "",
                "local_gateway_id": "",
                "nat_gateway_id": "",
                "network_interface_id": "",
                "transit_gateway_id": "",
                "vpc_endpoint_id": "",
                "vpc_peering_connection_id": ""
              }
            ],
            "tags": {
              "Name": "public-route-table"
            },
            "tags_all": {
              "Name": "public-route-table"
            },
            "timeouts": null,
            "vpc_id": "vpc-0b48aaac58dde68af"
          },
          "sensitive_attributes": [],
          "private": "eyJlMmJmYjczMC1lY2FhLTExZTYtOGY4OC0zNDM2M2JjN2M0YzAiOnsiY3JlYXRlIjozMDAwMDAwMDAwMDAsImRlbGV0ZSI6MzAwMDAwMDAwMDAwLCJ1cGRhdGUiOjEyMDAwMDAwMDAwMH19",
          "dependencies": [
            "module.vpc.aws_internet_gateway.darede_igw",
            "module.vpc.aws_vpc.darede_vpc"
          ]
        }
      ]
    },
    {
      "module": "module.vpc",
      "mode": "managed",
      "type": "aws_route_table_association",
      "name": "public_route_table_association",
      "provider": "provider[\"registry.terraform.io/hashicorp/aws\"]",
      "instances": [
        {
          "index_key": 0,
          "schema_version": 0,
          "attributes": {
            "gateway_id": "",
            "id": "rtbassoc-0c65350a23c749eb9",
            "route_table_id": "rtb-057238832efc06347",
            "subnet_id": "subnet-0a2dade3cb8f2db5e",
            "timeouts": null
          },
          "sensitive_attributes": [],
          "private": "eyJlMmJmYjczMC1lY2FhLTExZTYtOGY4OC0zNDM2M2JjN2M0YzAiOnsiY3JlYXRlIjozMDAwMDAwMDAwMDAsImRlbGV0ZSI6MzAwMDAwMDAwMDAwLCJ1cGRhdGUiOjEyMDAwMDAwMDAwMH19",
          "dependencies": [
            "module.vpc.aws_internet_gateway.darede_igw",
            "module.vpc.aws_route_table.public_route_table",
            "module.vpc.aws_subnet.public_subnets",
            "module.vpc.aws_vpc.darede_vpc"
          ]
        },
        {
          "index_key": 1,
          "schema_version": 0,
          "attributes": {
            "gateway_id": "",
            "id": "rtbassoc-0861bebe6341b7221",
            "route_table_id": "rtb-057238832efc06347",
            "subnet_id": "subnet-0001050b54456f8ec",
            "timeouts": null
          },
          "sensitive_attributes": [],
          "private": "eyJlMmJmYjczMC1lY2FhLTExZTYtOGY4OC0zNDM2M2JjN2M0YzAiOnsiY3JlYXRlIjozMDAwMDAwMDAwMDAsImRlbGV0ZSI6MzAwMDAwMDAwMDAwLCJ1cGRhdGUiOjEyMDAwMDAwMDAwMH19",
          "dependencies": [
            "module.vpc.aws_internet_gateway.darede_igw",
            "module.vpc.aws_route_table.public_route_table",
            "module.vpc.aws_subnet.public_subnets",
            "module.vpc.aws_vpc.darede_vpc"
          ]
        }
      ]
    },
    {
      "module": "module.vpc",
      "mode": "managed",
      "type": "aws_subnet",
      "name": "private_subnets",
      "provider": "provider[\"registry.terraform.io/hashicorp/aws\"]",
      "instances": [
        {
          "index_key": 0,
          "schema_version": 1,
          "attributes": {
            "arn": "arn:aws:ec2:us-east-1:307946635677:subnet/subnet-0bc4a91670b4a5ee4",
            "assign_ipv6_address_on_creation": false,
            "availability_zone": "us-east-1a",
            "availability_zone_id": "use1-az2",
            "cidr_block": "172.16.3.0/24",
            "customer_owned_ipv4_pool": "",
            "enable_dns64": false,
            "enable_lni_at_device_index": 0,
            "enable_resource_name_dns_a_record_on_launch": false,
            "enable_resource_name_dns_aaaa_record_on_launch": false,
            "id": "subnet-0bc4a91670b4a5ee4",
            "ipv6_cidr_block": "",
            "ipv6_cidr_block_association_id": "",
            "ipv6_native": false,
            "map_customer_owned_ip_on_launch": false,
            "map_public_ip_on_launch": false,
            "outpost_arn": "",
            "owner_id": "307946635677",
            "private_dns_hostname_type_on_launch": "ip-name",
            "tags": {
              "kubernetes.io/role/internal-elb": "1"
            },
            "tags_all": {
              "kubernetes.io/role/internal-elb": "1"
            },
            "timeouts": null,
            "vpc_id": "vpc-0b48aaac58dde68af"
          },
          "sensitive_attributes": [],
          "private": "eyJlMmJmYjczMC1lY2FhLTExZTYtOGY4OC0zNDM2M2JjN2M0YzAiOnsiY3JlYXRlIjo2MDAwMDAwMDAwMDAsImRlbGV0ZSI6MTIwMDAwMDAwMDAwMH0sInNjaGVtYV92ZXJzaW9uIjoiMSJ9",
          "dependencies": [
            "module.vpc.aws_vpc.darede_vpc"
          ]
        },
        {
          "index_key": 1,
          "schema_version": 1,
          "attributes": {
            "arn": "arn:aws:ec2:us-east-1:307946635677:subnet/subnet-0051262ef6fcdfd75",
            "assign_ipv6_address_on_creation": false,
            "availability_zone": "us-east-1b",
            "availability_zone_id": "use1-az4",
            "cidr_block": "172.16.4.0/24",
            "customer_owned_ipv4_pool": "",
            "enable_dns64": false,
            "enable_lni_at_device_index": 0,
            "enable_resource_name_dns_a_record_on_launch": false,
            "enable_resource_name_dns_aaaa_record_on_launch": false,
            "id": "subnet-0051262ef6fcdfd75",
            "ipv6_cidr_block": "",
            "ipv6_cidr_block_association_id": "",
            "ipv6_native": false,
            "map_customer_owned_ip_on_launch": false,
            "map_public_ip_on_launch": false,
            "outpost_arn": "",
            "owner_id": "307946635677",
            "private_dns_hostname_type_on_launch": "ip-name",
            "tags": {
              "kubernetes.io/role/internal-elb": "1"
            },
            "tags_all": {
              "kubernetes.io/role/internal-elb": "1"
            },
            "timeouts": null,
            "vpc_id": "vpc-0b48aaac58dde68af"
          },
          "sensitive_attributes": [],
          "private": "eyJlMmJmYjczMC1lY2FhLTExZTYtOGY4OC0zNDM2M2JjN2M0YzAiOnsiY3JlYXRlIjo2MDAwMDAwMDAwMDAsImRlbGV0ZSI6MTIwMDAwMDAwMDAwMH0sInNjaGVtYV92ZXJzaW9uIjoiMSJ9",
          "dependencies": [
            "module.vpc.aws_vpc.darede_vpc"
          ]
        }
      ]
    },
    {
      "module": "module.vpc",
      "mode": "managed",
      "type": "aws_subnet",
      "name": "public_subnets",
      "provider": "provider[\"registry.terraform.io/hashicorp/aws\"]",
      "instances": [
        {
          "index_key": 0,
          "schema_version": 1,
          "attributes": {
            "arn": "arn:aws:ec2:us-east-1:307946635677:subnet/subnet-0a2dade3cb8f2db5e",
            "assign_ipv6_address_on_creation": false,
            "availability_zone": "us-east-1a",
            "availability_zone_id": "use1-az2",
            "cidr_block": "172.16.1.0/24",
            "customer_owned_ipv4_pool": "",
            "enable_dns64": false,
            "enable_lni_at_device_index": 0,
            "enable_resource_name_dns_a_record_on_launch": false,
            "enable_resource_name_dns_aaaa_record_on_launch": false,
            "id": "subnet-0a2dade3cb8f2db5e",
            "ipv6_cidr_block": "",
            "ipv6_cidr_block_association_id": "",
            "ipv6_native": false,
            "map_customer_owned_ip_on_launch": false,
            "map_public_ip_on_launch": true,
            "outpost_arn": "",
            "owner_id": "307946635677",
            "private_dns_hostname_type_on_launch": "ip-name",
            "tags": {
              "kubernetes.io/role/elb": "1"
            },
            "tags_all": {
              "kubernetes.io/role/elb": "1"
            },
            "timeouts": null,
            "vpc_id": "vpc-0b48aaac58dde68af"
          },
          "sensitive_attributes": [],
          "private": "eyJlMmJmYjczMC1lY2FhLTExZTYtOGY4OC0zNDM2M2JjN2M0YzAiOnsiY3JlYXRlIjo2MDAwMDAwMDAwMDAsImRlbGV0ZSI6MTIwMDAwMDAwMDAwMH0sInNjaGVtYV92ZXJzaW9uIjoiMSJ9",
          "dependencies": [
            "module.vpc.aws_vpc.darede_vpc"
          ]
        },
        {
          "index_key": 1,
          "schema_version": 1,
          "attributes": {
            "arn": "arn:aws:ec2:us-east-1:307946635677:subnet/subnet-0001050b54456f8ec",
            "assign_ipv6_address_on_creation": false,
            "availability_zone": "us-east-1b",
            "availability_zone_id": "use1-az4",
            "cidr_block": "172.16.2.0/24",
            "customer_owned_ipv4_pool": "",
            "enable_dns64": false,
            "enable_lni_at_device_index": 0,
            "enable_resource_name_dns_a_record_on_launch": false,
            "enable_resource_name_dns_aaaa_record_on_launch": false,
            "id": "subnet-0001050b54456f8ec",
            "ipv6_cidr_block": "",
            "ipv6_cidr_block_association_id": "",
            "ipv6_native": false,
            "map_customer_owned_ip_on_launch": false,
            "map_public_ip_on_launch": true,
            "outpost_arn": "",
            "owner_id": "307946635677",
            "private_dns_hostname_type_on_launch": "ip-name",
            "tags": {
              "kubernetes.io/role/elb": "1"
            },
            "tags_all": {
              "kubernetes.io/role/elb": "1"
            },
            "timeouts": null,
            "vpc_id": "vpc-0b48aaac58dde68af"
          },
          "sensitive_attributes": [],
          "private": "eyJlMmJmYjczMC1lY2FhLTExZTYtOGY4OC0zNDM2M2JjN2M0YzAiOnsiY3JlYXRlIjo2MDAwMDAwMDAwMDAsImRlbGV0ZSI6MTIwMDAwMDAwMDAwMH0sInNjaGVtYV92ZXJzaW9uIjoiMSJ9",
          "dependencies": [
            "module.vpc.aws_vpc.darede_vpc"
          ]
        }
      ]
    },
    {
      "module": "module.vpc",
      "mode": "managed",
      "type": "aws_vpc",
      "name": "darede_vpc",
      "provider": "provider[\"registry.terraform.io/hashicorp/aws\"]",
      "instances": [
        {
          "schema_version": 1,
          "attributes": {
            "arn": "arn:aws:ec2:us-east-1:307946635677:vpc/vpc-0b48aaac58dde68af",
            "assign_generated_ipv6_cidr_block": false,
            "cidr_block": "172.16.0.0/16",
            "default_network_acl_id": "acl-0809d8247385a345d",
            "default_route_table_id": "rtb-0fe8be0cf6eecf94e",
            "default_security_group_id": "sg-0e05d253eaeb4a302",
            "dhcp_options_id": "dopt-08f52917b7176dac4",
            "enable_dns_hostnames": true,
            "enable_dns_support": true,
            "enable_network_address_usage_metrics": false,
            "id": "vpc-0b48aaac58dde68af",
            "instance_tenancy": "default",
            "ipv4_ipam_pool_id": null,
            "ipv4_netmask_length": null,
            "ipv6_association_id": "",
            "ipv6_cidr_block": "",
            "ipv6_cidr_block_network_border_group": "",
            "ipv6_ipam_pool_id": "",
            "ipv6_netmask_length": 0,
            "main_route_table_id": "rtb-0fe8be0cf6eecf94e",
            "owner_id": "307946635677",
            "tags": {
              "Name": "darede-vpc-edu"
            },
            "tags_all": {
              "Name": "darede-vpc-edu"
            }
          },
          "sensitive_attributes": [],
          "private": "eyJzY2hlbWFfdmVyc2lvbiI6IjEifQ=="
        }
      ]
    }
  ],
  "check_results": null
}
